
Microsoft Visual Studio Solution File, Format Version 12.00
# Visual Studio Version 16
VisualStudioVersion = 16.0.30517.126
MinimumVisualStudioVersion = 10.0.40219.1
Project("{FAE04EC0-301F-11D3-BF4B-00C04F79EFBC}") = "Hello World Gt", "Hello World Gt\Hello World Gt.csproj", "{3F7CB0D5-C994-48FD-8FA0-DB8E74C03A18}"
EndProject
Global
	GlobalSection(SolutionConfigurationPlatforms) = preSolution
		Debug|Any CPU = Debug|Any CPU
		Release|Any CPU = Release|Any CPU
	EndGlobalSection
	GlobalSection(ProjectConfigurationPlatforms) = postSolution
		{3F7CB0D5-C994-48FD-8FA0-DB8E74C03A18}.Debug|Any CPU.ActiveCfg = Debug|Any CPU
		{3F7CB0D5-C994-48FD-8FA0-DB8E74C03A18}.Debug|Any CPU.Build.0 = Debug|Any CPU
		{3F7CB0D5-C994-48FD-8FA0-DB8E74C03A18}.Release|Any CPU.ActiveCfg = Release|Any CPU
		{3F7CB0D5-C994-48FD-8FA0-DB8E74C03A18}.Release|Any CPU.Build.0 = Release|Any CPU
	EndGlobalSection
	GlobalSection(SolutionProperties) = preSolution
		HideSolutionNode = FALSE
	EndGlobalSection
	GlobalSection(ExtensibilityGlobals) = postSolution
		SolutionGuid = {82A07CFD-1D6F-4E03-A4E3-50B8ACB6854D}
	EndGlobalSection
EndGlobal
